// !$*UTF8*$!
{
	archiveVersion = 1;
	classes = {
	};
	objectVersion = 46;
	objects = {

/* Begin PBXBuildFile section */
		9226FEEE1B3BF98C0050A1E1 /* AppDelegate.swift in Sources */ = {isa = PBXBuildFile; fileRef = 9226FEED1B3BF98C0050A1E1 /* AppDelegate.swift */; };
		9226FEF01B3BF98C0050A1E1 /* ViewController.swift in Sources */ = {isa = PBXBuildFile; fileRef = 9226FEEF1B3BF98C0050A1E1 /* ViewController.swift */; };
		9226FEF31B3BF98C0050A1E1 /* Main.storyboard in Resources */ = {isa = PBXBuildFile; fileRef = 9226FEF11B3BF98C0050A1E1 /* Main.storyboard */; };
		9226FEF51B3BF98C0050A1E1 /* Images.xcassets in Resources */ = {isa = PBXBuildFile; fileRef = 9226FEF41B3BF98C0050A1E1 /* Images.xcassets */; };
		9226FEF81B3BF98C0050A1E1 /* LaunchScreen.xib in Resources */ = {isa = PBXBuildFile; fileRef = 9226FEF61B3BF98C0050A1E1 /* LaunchScreen.xib */; };
		9226FF041B3BF98C0050A1E1 /* testTests.swift in Sources */ = {isa = PBXBuildFile; fileRef = 9226FF031B3BF98C0050A1E1 /* testTests.swift */; };
/* End PBXBuildFile section */

/* Begin PBXContainerItemProxy section */
		9226FEFE1B3BF98C0050A1E1 /* PBXContainerItemProxy */ = {
			isa = PBXContainerItemProxy;
			containerPortal = 9226FEE01B3BF98C0050A1E1 /* Project object */;
			proxyType = 1;
			remoteGlobalIDString = 9226FEE71B3BF98C0050A1E1;
			remoteInfo = test;
		};
/* End PBXContainerItemProxy section */

/* Begin PBXFileReference section */
		9226FEE81B3BF98C0050A1E1 /* test.app */ = {isa = PBXFileReference; explicitFileType = wrapper.application; includeInIndex = 0; path = test.app; sourceTree = BUILT_PRODUCTS_DIR; };
		9226FEEC1B3BF98C0050A1E1 /* Info.plist */ = {isa = PBXFileReference; lastKnownFileType = text.plist.xml; path = Info.plist; sourceTree = "<group>"; };
		9226FEED1B3BF98C0050A1E1 /* AppDelegate.swift */ = {isa = PBXFileReference; lastKnownFileType = sourcecode.swift; path = AppDelegate.swift; sourceTree = "<group>"; };
		9226FEEF1B3BF98C0050A1E1 /* ViewController.swift */ = {isa = PBXFileReference; lastKnownFileType = sourcecode.swift; path = ViewController.swift; sourceTree = "<group>"; };
		9226FEF21B3BF98C0050A1E1 /* Base */ = {isa = PBXFileReference; lastKnownFileType = file.storyboard; name = Base; path = Base.lproj/Main.storyboard; sourceTree = "<group>"; };
		9226FEF41B3BF98C0050A1E1 /* Images.xcassets */ = {isa = PBXFileReference; lastKnownFileType = folder.assetcatalog; path = Images.xcassets; sourceTree = "<group>"; };
		9226FEF71B3BF98C0050A1E1 /* Base */ = {isa = PBXFileReference; lastKnownFileType = file.xib; name = Base; path = Base.lproj/LaunchScreen.xib; sourceTree = "<group>"; };
		9226FEFD1B3BF98C0050A1E1 /* testTests.xctest */ = {isa = PBXFileReference; explicitFileType = wrapper.cfbundle; includeInIndex = 0; path = testTests.xctest; sourceTree = BUILT_PRODUCTS_DIR; };
		9226FF021B3BF98C0050A1E1 /* Info.plist */ = {isa = PBXFileReference; lastKnownFileType = text.plist.xml; path = Info.plist; sourceTree = "<group>"; };
		9226FF031B3BF98C0050A1E1 /* testTests.swift */ = {isa = PBXFileReference; lastKnownFileType = sourcecode.swift; path = testTests.swift; sourceTree = "<group>"; };
/* End PBXFileReference section */

/* Begin PBXFrameworksBuildPhase section */
		9226FEE51B3BF98C0050A1E1 /* Frameworks */ = {
			isa = PBXFrameworksBuildPhase;
			buildActionMask = 2147483647;
			files = (
			);
			runOnlyForDeploymentPostprocessing = 0;
		};
		9226FEFA1B3BF98C0050A1E1 /* Frameworks */ = {
			isa = PBXFrameworksBuildPhase;
			buildActionMask = 2147483647;
			files = (
			);
			runOnlyForDeploymentPostprocessing = 0;
		};
/* End PBXFrameworksBuildPhase section */

/* Begin PBXGroup section */
		9226FEDF1B3BF98C0050A1E1 = {
			isa = PBXGroup;
			children = (
				9226FEEA1B3BF98C0050A1E1 /* test */,
				9226FF001B3BF98C0050A1E1 /* testTests */,
				9226FEE91B3BF98C0050A1E1 /* Products */,
			);
			sourceTree = "<group>";
		};
		9226FEE91B3BF98C0050A1E1 /* Products */ = {
			isa = PBXGroup;
			children = (
				9226FEE81B3BF98C0050A1E1 /* test.app */,
				9226FEFD1B3BF98C0050A1E1 /* testTests.xctest */,
			);
			name = Products;
			sourceTree = "<group>";
		};
		9226FEEA1B3BF98C0050A1E1 /* test */ = {
			isa = PBXGroup;
			children = (
				9226FEED1B3BF98C0050A1E1 /* AppDelegate.swift */,
				9226FEEF1B3BF98C0050A1E1 /* ViewController.swift */,
				9226FEF11B3BF98C0050A1E1 /* Main.storyboard */,
				9226FEF41B3BF98C0050A1E1 /* Images.xcassets */,
				9226FEF61B3BF98C0050A1E1 /* LaunchScreen.xib */,
				9226FEEB1B3BF98C0050A1E1 /* Supporting Files */,
			);
			path = test;
			sourceTree = "<group>";
		};
		9226FEEB1B3BF98C0050A1E1 /* Supporting Files */ = {
			isa = PBXGroup;
			children = (
				9226FEEC1B3BF98C0050A1E1 /* Info.plist */,
			);
			name = "Supporting Files";
			sourceTree = "<group>";
		};
		9226FF001B3BF98C0050A1E1 /* testTests */ = {
			isa = PBXGroup;
			children = (
				9226FF031B3BF98C0050A1E1 /* testTests.swift */,
				9226FF011B3BF98C0050A1E1 /* Supporting Files */,
			);
			path = testTests;
			sourceTree = "<group>";
		};
		9226FF011B3BF98C0050A1E1 /* Supporting Files */ = {
			isa = PBXGroup;
			children = (
				9226FF021B3BF98C0050A1E1 /* Info.plist */,
			);
			name = "Supporting Files";
			sourceTree = "<group>";
		};
/* End PBXGroup section */

/* Begin PBXNativeTarget section */
		9226FEE71B3BF98C0050A1E1 /* test */ = {
			isa = PBXNativeTarget;
			buildConfigurationList = 9226FF071B3BF98C0050A1E1 /* Build configuration list for PBXNativeTarget "test" */;
			buildPhases = (
				9226FEE41B3BF98C0050A1E1 /* Sources */,
				9226FEE51B3BF98C0050A1E1 /* Frameworks */,
				9226FEE61B3BF98C0050A1E1 /* Resources */,
			);
			buildRules = (
			);
			dependencies = (
			);
			name = test;
			productName = test;
			productReference = 9226FEE81B3BF98C0050A1E1 /* test.app */;
			productType = "com.apple.product-type.application";
		};
		9226FEFC1B3BF98C0050A1E1 /* testTests */ = {
			isa = PBXNativeTarget;
			buildConfigurationList = 9226FF0A1B3BF98C0050A1E1 /* Build configuration list for PBXNativeTarget "testTests" */;
			buildPhases = (
				9226FEF91B3BF98C0050A1E1 /* Sources */,
				9226FEFA1B3BF98C0050A1E1 /* Frameworks */,
				9226FEFB1B3BF98C0050A1E1 /* Resources */,
			);
			buildRules = (
			);
			dependencies = (
				9226FEFF1B3BF98C0050A1E1 /* PBXTargetDependency */,
			);
			name = testTests;
			productName = testTests;
			productReference = 9226FEFD1B3BF98C0050A1E1 /* testTests.xctest */;
			productType = "com.apple.product-type.bundle.unit-test";
		};
/* End PBXNativeTarget section */

/* Begin PBXProject section */
		9226FEE01B3BF98C0050A1E1 /* Project object */ = {
			isa = PBXProject;
			attributes = {
				LastUpgradeCheck = 0630;
				ORGANIZATIONNAME = z;
				TargetAttributes = {
					9226FEE71B3BF98C0050A1E1 = {
						CreatedOnToolsVersion = 6.3.2;
					};
					9226FEFC1B3BF98C0050A1E1 = {
						CreatedOnToolsVersion = 6.3.2;
						TestTargetID = 9226FEE71B3BF98C0050A1E1;
					};
				};
			};
			buildConfigurationList = 9226FEE31B3BF98C0050A1E1 /* Build configuration list for PBXProject "test" */;
			compatibilityVersion = "Xcode 3.2";
			developmentRegion = English;
			hasScannedForEncodings = 0;
			knownRegions = (
				en,
				Base,
			);
			mainGroup = 9226FEDF1B3BF98C0050A1E1;
			productRefGroup = 9226FEE91B3BF98C0050A1E1 /* Products */;
			projectDirPath = "";
			projectRoot = "";
			targets = (
				9226FEE71B3BF98C0050A1E1 /* test */,
				9226FEFC1B3BF98C0050A1E1 /* testTests */,
			);
		};
/* End PBXProject section */

/* Begin PBXResourcesBuildPhase section */
		9226FEE61B3BF98C0050A1E1 /* Resources */ = {
			isa = PBXResourcesBuildPhase;
			buildActionMask = 2147483647;
			files = (
				9226FEF31B3BF98C0050A1E1 /* Main.storyboard in Resources */,
				9226FEF81B3BF98C0050A1E1 /* LaunchScreen.xib in Resources */,
				9226FEF51B3BF98C0050A1E1 /* Images.xcassets in Resources */,
			);
			runOnlyForDeploymentPostprocessing = 0;
		};
		9226FEFB1B3BF98C0050A1E1 /* Resources */ = {
			isa = PBXResourcesBuildPhase;
			buildActionMask = 2147483647;
			files = (
			);
			runOnlyForDeploymentPostprocessing = 0;
		};
/* End PBXResourcesBuildPhase section */

/* Begin PBXSourcesBuildPhase section */
		9226FEE41B3BF98C0050A1E1 /* Sources */ = {
			isa = PBXSourcesBuildPhase;
			buildActionMask = 2147483647;
			files = (
				9226FEF01B3BF98C0050A1E1 /* ViewController.swift in Sources */,
				9226FEEE1B3BF98C0050A1E1 /* AppDelegate.swift in Sources */,
			);
			runOnlyForDeploymentPostprocessing = 0;
		};
		9226FEF91B3BF98C0050A1E1 /* Sources */ = {
			isa = PBXSourcesBuildPhase;
			buildActionMask = 2147483647;
			files = (
				9226FF041B3BF98C0050A1E1 /* testTests.swift in Sources */,
			);
			runOnlyForDeploymentPostprocessing = 0;
		};
/* End PBXSourcesBuildPhase section */

/* Begin PBXTargetDependency section */
		9226FEFF1B3BF98C0050A1E1 /* PBXTargetDependency */ = {
			isa = PBXTargetDependency;
			target = 9226FEE71B3BF98C0050A1E1 /* test */;
			targetProxy = 9226FEFE1B3BF98C0050A1E1 /* PBXContainerItemProxy */;
		};
/* End PBXTargetDependency section */

/* Begin PBXVariantGroup section */
		9226FEF11B3BF98C0050A1E1 /* Main.storyboard */ = {
			isa = PBXVariantGroup;
			children = (
				9226FEF21B3BF98C0050A1E1 /* Base */,
			);
			name = Main.storyboard;
			sourceTree = "<group>";
		};
		9226FEF61B3BF98C0050A1E1 /* LaunchScreen.xib */ = {
			isa = PBXVariantGroup;
			children = (
				9226FEF71B3BF98C0050A1E1 /* Base */,
			);
			name = LaunchScreen.xib;
			sourceTree = "<group>";
		};
/* End PBXVariantGroup section */

/* Begin XCBuildConfiguration section */
		9226FF051B3BF98C0050A1E1 /* Debug */ = {
			isa = XCBuildConfiguration;
			buildSettings = {
				ALWAYS_SEARCH_USER_PATHS = NO;
				CLANG_CXX_LANGUAGE_STANDARD = "gnu++0x";
				CLANG_CXX_LIBRARY = "libc++";
				CLANG_ENABLE_MODULES = YES;
				CLANG_ENABLE_OBJC_ARC = YES;
				CLANG_WARN_BOOL_CONVERSION = YES;
				CLANG_WARN_CONSTANT_CONVERSION = YES;
				CLANG_WARN_DIRECT_OBJC_ISA_USAGE = YES_ERROR;
				CLANG_WARN_EMPTY_BODY = YES;
				CLANG_WARN_ENUM_CONVERSION = YES;
				CLANG_WARN_INT_CONVERSION = YES;
				CLANG_WARN_OBJC_ROOT_CLASS = YES_ERROR;
				CLANG_WARN_UNREACHABLE_CODE = YES;
				CLANG_WARN__DUPLICATE_METHOD_MATCH = YES;
				"CODE_SIGN_IDENTITY[sdk=iphoneos*]" = "iPhone Developer";
				COPY_PHASE_STRIP = NO;
				DEBUG_INFORMATION_FORMAT = "dwarf-with-dsym";
				ENABLE_STRICT_OBJC_MSGSEND = YES;
				GCC_C_LANGUAGE_STANDARD = gnu99;
				GCC_DYNAMIC_NO_PIC = NO;
				GCC_NO_COMMON_BLOCKS = YES;
				GCC_OPTIMIZATION_LEVEL = 0;
				GCC_PREPROCESSOR_DEFINITIONS = (
					"DEBUG=1",
					"$(inherited)",
				);
				GCC_SYMBOLS_PRIVATE_EXTERN = NO;
				GCC_WARN_64_TO_32_BIT_CONVERSION = YES;
				GCC_WARN_ABOUT_RETURN_TYPE = YES_ERROR;
				GCC_WARN_UNDECLARED_SELECTOR = YES;
				GCC_WARN_UNINITIALIZED_AUTOS = YES_AGGRESSIVE;
				GCC_WARN_UNUSED_FUNCTION = YES;
				GCC_WARN_UNUSED_VARIABLE = YES;
				IPHONEOS_DEPLOYMENT_TARGET = 8.3;
				MTL_ENABLE_DEBUG_INFO = YES;
				ONLY_ACTIVE_ARCH = YES;
				SDKROOT = iphoneos;
				SWIFT_OPTIMIZATION_LEVEL = "-Onone";
			};
			name = Debug;
		};
		9226FF061B3BF98C0050A1E1 /* Release */ = {
			isa = XCBuildConfiguration;
			buildSettings = {
				ALWAYS_SEARCH_USER_PATHS = NO;
				CLANG_CXX_LANGUAGE_STANDARD = "gnu++0x";
				CLANG_CXX_LIBRARY = "libc++";
				CLANG_ENABLE_MODULES = YES;
				CLANG_ENABLE_OBJC_ARC = YES;
				CLANG_WARN_BOOL_CONVERSION = YES;
				CLANG_WARN_CONSTANT_CONVERSION = YES;
				CLANG_WARN_DIRECT_OBJC_ISA_USAGE = YES_ERROR;
				CLANG_WARN_EMPTY_BODY = YES;
				CLANG_WARN_ENUM_CONVERSION = YES;
				CLANG_WARN_INT_CONVERSION = YES;
				CLANG_WARN_OBJC_ROOT_CLASS = YES_ERROR;
				CLANG_WARN_UNREACHABLE_CODE = YES;
				CLANG_WARN__DUPLICATE_METHOD_MATCH = YES;
				"CODE_SIGN_IDENTITY[sdk=iphoneos*]" = "iPhone Developer";
				COPY_PHASE_STRIP = NO;
				DEBUG_INFORMATION_FORMAT = "dwarf-with-dsym";
				ENABLE_NS_ASSERTIONS = NO;
				ENABLE_STRICT_OBJC_MSGSEND = YES;
				GCC_C_LANGUAGE_STANDARD = gnu99;
				GCC_NO_COMMON_BLOCKS = YES;
				GCC_WARN_64_TO_32_BIT_CONVERSION = YES;
				GCC_WARN_ABOUT_RETURN_TYPE = YES_ERROR;
				GCC_WARN_UNDECLARED_SELECTOR = YES;
				GCC_WARN_UNINITIALIZED_AUTOS = YES_AGGRESSIVE;
				GCC_WARN_UNUSED_FUNCTION = YES;
				GCC_WARN_UNUSED_VARIABLE = YES;
				IPHONEOS_DEPLOYMENT_TARGET = 8.3;
				MTL_ENABLE_DEBUG_INFO = NO;
				SDKROOT = iphoneos;
				VALIDATE_PRODUCT = YES;
			};
			name = Release;
		};
		9226FF081B3BF98C0050A1E1 /* Debug */ = {
			isa = XCBuildConfiguration;
			buildSettings = {
				ASSETCATALOG_COMPILER_APPICON_NAME = AppIcon;
				INFOPLIST_FILE = test/Info.plist;
				LD_RUNPATH_SEARCH_PATHS = "$(inherited) @executable_path/Frameworks";
				PRODUCT_NAME = "$(TARGET_NAME)";
			};
			name = Debug;
		};
		9226FF091B3BF98C0050A1E1 /* Release */ = {
			isa = XCBuildConfiguration;
			buildSettings = {
				ASSETCATALOG_COMPILER_APPICON_NAME = AppIcon;
				INFOPLIST_FILE = test/Info.plist;
				LD_RUNPATH_SEARCH_PATHS = "$(inherited) @executable_path/Frameworks";
				PRODUCT_NAME = "$(TARGET_NAME)";
			};
			name = Release;
		};
		9226FF0B1B3BF98C0050A1E1 /* Debug */ = {
			isa = XCBuildConfiguration;
			buildSettings = {
				BUNDLE_LOADER = "$(TEST_HOST)";
				FRAMEWORK_SEARCH_PATHS = (
					"$(SDKROOT)/Developer/Library/Frameworks",
					"$(inherited)",
				);
				GCC_PREPROCESSOR_DEFINITIONS = (
					"DEBUG=1",
					"$(inherited)",
				);
				INFOPLIST_FILE = testTests/Info.plist;
				LD_RUNPATH_SEARCH_PATHS = "$(inherited) @executable_path/Frameworks @loader_path/Frameworks";
				PRODUCT_NAME = "$(TARGET_NAME)";
				TEST_HOST = "$(BUILT_PRODUCTS_DIR)/test.app/test";
			};
			name = Debug;
		};
		9226FF0C1B3BF98C0050A1E1 /* Release */ = {
			isa = XCBuildConfiguration;
			buildSettings = {
				BUNDLE_LOADER = "$(TEST_HOST)";
				FRAMEWORK_SEARCH_PATHS = (
					"$(SDKROOT)/Developer/Library/Frameworks",
					"$(inherited)",
				);
				INFOPLIST_FILE = testTests/Info.plist;
				LD_RUNPATH_SEARCH_PATHS = "$(inherited) @executable_path/Frameworks @loader_path/Frameworks";
				PRODUCT_NAME = "$(TARGET_NAME)";
				TEST_HOST = "$(BUILT_PRODUCTS_DIR)/test.app/test";
			};
			name = Release;
		};
/* End XCBuildConfiguration section */

/* Begin XCConfigurationList section */
		9226FEE31B3BF98C0050A1E1 /* Build configuration list for PBXProject "test" */ = {
			isa = XCConfigurationList;
			buildConfigurations = (
				9226FF051B3BF98C0050A1E1 /* Debug */,
				9226FF061B3BF98C0050A1E1 /* Release */,
			);
			defaultConfigurationIsVisible = 0;
			defaultConfigurationName = Release;
		};
		9226FF071B3BF98C0050A1E1 /* Build configuration list for PBXNativeTarget "test" */ = {
			isa = XCConfigurationList;
			buildConfigurations = (
				9226FF081B3BF98C0050A1E1 /* Debug */,
				9226FF091B3BF98C0050A1E1 /* Release */,
			);
			defaultConfigurationIsVisible = 0;
		};
		9226FF0A1B3BF98C0050A1E1 /* Build configuration list for PBXNativeTarget "testTests" */ = {
			isa = XCConfigurationList;
			buildConfigurations = (
				9226FF0B1B3BF98C0050A1E1 /* Debug */,
				9226FF0C1B3BF98C0050A1E1 /* Release */,
			);
			defaultConfigurationIsVisible = 0;
		};
/* End XCConfigurationList section */
	};
	rootObject = 9226FEE01B3BF98C0050A1E1 /* Project object */;
}
